lockfileVersion: '9.0'

settings:
  autoInstallPeers: true
  excludeLinksFromLockfile: false

importers:

  .: {}

  packages/core:
    dependencies:
      '@ai-sdk/openai':
        specifier: latest
        version: 2.0.38(zod@4.1.11)
      '@types/node':
        specifier: ^24.5.2
        version: 24.5.2
      ai:
        specifier: latest
        version: 5.0.56(zod@4.1.11)

  packages/types: {}

packages:

  '@ai-sdk/gateway@1.0.30':
    resolution: {integrity: sha512-QdrSUryr/CLcsCISokLHOImcHj1adGXk1yy4B3qipqLhcNc33Kj/O/3crI790Qp85oDx7sc4vm7R4raf9RA/kg==}
    engines: {node: '>=18'}
    peerDependencies:
      zod: ^3.25.76 || ^4.1.8

  '@ai-sdk/openai@2.0.38':
    resolution: {integrity: sha512-aPK5jSz5/UkbYnh59/Yy5ic3JsOrz7Gt6TJdB8ggYDYEUHJ9FHEKoRKz8DEHh3Zaf3yngxZLkdP4JSbroK3jsQ==}
    engines: {node: '>=18'}
    peerDependencies:
      zod: ^3.25.76 || ^4.1.8

  '@ai-sdk/provider-utils@3.0.10':
    resolution: {integrity: sha512-T1gZ76gEIwffep6MWI0QNy9jgoybUHE7TRaHB5k54K8mF91ciGFlbtCGxDYhMH3nCRergKwYFIDeFF0hJSIQHQ==}
    engines: {node: '>=18'}
    peerDependencies:
      zod: ^3.25.76 || ^4.1.8

  '@ai-sdk/provider@2.0.0':
    resolution: {integrity: sha512-6o7Y2SeO9vFKB8lArHXehNuusnpddKPk7xqL7T2/b+OvXMRIXUO1rR4wcv1hAFUAT9avGZshty3Wlua/XA7TvA==}
    engines: {node: '>=18'}

  '@opentelemetry/api@1.9.0':
    resolution: {integrity: sha512-3giAOQvZiH5F9bMlMiv8+GSPMeqg0dbaeo58/0SlA9sxSqZhnUtxzX9/2FzyhS9sWQf5S0GJE0AKBrFqjpeYcg==}
    engines: {node: '>=8.0.0'}

  '@standard-schema/spec@1.0.0':
    resolution: {integrity: sha512-m2bOd0f2RT9k8QJx1JN85cZYyH1RqFBdlwtkSlf4tBDYLCiiZnv1fIIwacK6cqwXavOydf0NPToMQgpKq+dVlA==}

  '@types/node@24.5.2':
    resolution: {integrity: sha512-FYxk1I7wPv3K2XBaoyH2cTnocQEu8AOZ60hPbsyukMPLv5/5qr7V1i8PLHdl6Zf87I+xZXFvPCXYjiTFq+YSDQ==}

  ai@5.0.56:
    resolution: {integrity: sha512-Rl++Ogg6DxzFkVHAOJZzhqcqvqtBLGOP9mMxJOGr2EJWj5HH5zjqDcnRh6x5vBoca5kj/Gd0rvUZFMnyI+sRiw==}
    engines: {node: '>=18'}
    peerDependencies:
      zod: ^3.25.76 || ^4.1.8

  eventsource-parser@3.0.6:
    resolution: {integrity: sha512-Vo1ab+QXPzZ4tCa8SwIHJFaSzy4R6SHf7BY79rFBDf0idraZWAkYrDjDj8uWaSm3S2TK+hJ7/t1CEmZ7jXw+pg==}
    engines: {node: '>=18.0.0'}

  json-schema@0.4.0:
    resolution: {integrity: sha512-es94M3nTIfsEPisRafak+HDLfHXnKBhV3vU5eqPcS3flIWqcxJWgXHXiey3YrpaNsanY5ei1VoYEbOzijuq9BA==}

  undici-types@7.12.0:
    resolution: {integrity: sha512-goOacqME2GYyOZZfb5Lgtu+1IDmAlAEu5xnD3+xTzS10hT0vzpf0SPjkXwAw9Jm+4n/mQGDP3LO8CPbYROeBfQ==}

  zod@4.1.11:
    resolution: {integrity: sha512-WPsqwxITS2tzx1bzhIKsEs19ABD5vmCVa4xBo2tq/SrV4RNZtfws1EnCWQXM6yh8bD08a1idvkB5MZSBiZsjwg==}

snapshots:

  '@ai-sdk/gateway@1.0.30(zod@4.1.11)':
    dependencies:
      '@ai-sdk/provider': 2.0.0
      '@ai-sdk/provider-utils': 3.0.10(zod@4.1.11)
      zod: 4.1.11

  '@ai-sdk/openai@2.0.38(zod@4.1.11)':
    dependencies:
      '@ai-sdk/provider': 2.0.0
      '@ai-sdk/provider-utils': 3.0.10(zod@4.1.11)
      zod: 4.1.11

  '@ai-sdk/provider-utils@3.0.10(zod@4.1.11)':
    dependencies:
      '@ai-sdk/provider': 2.0.0
      '@standard-schema/spec': 1.0.0
      eventsource-parser: 3.0.6
      zod: 4.1.11

  '@ai-sdk/provider@2.0.0':
    dependencies:
      json-schema: 0.4.0

  '@opentelemetry/api@1.9.0': {}

  '@standard-schema/spec@1.0.0': {}

  '@types/node@24.5.2':
    dependencies:
      undici-types: 7.12.0

  ai@5.0.56(zod@4.1.11):
    dependencies:
      '@ai-sdk/gateway': 1.0.30(zod@4.1.11)
      '@ai-sdk/provider': 2.0.0
      '@ai-sdk/provider-utils': 3.0.10(zod@4.1.11)
      '@opentelemetry/api': 1.9.0
      zod: 4.1.11

  eventsource-parser@3.0.6: {}

  json-schema@0.4.0: {}

  undici-types@7.12.0: {}

  zod@4.1.11: {}
